
Microsoft Visual Studio Solution File, Format Version 12.00
# Visual Studio Version 16
VisualStudioVersion = 16.0.32413.511
MinimumVisualStudioVersion = 10.0.40219.1
Project("{FAE04EC0-301F-11D3-BF4B-00C04F79EFBC}") = "工厂模式", "工厂模式\工厂模式.csproj", "{32460FF5-8CD2-4C28-86D4-513F9711A96F}"
EndProject
Project("{FAE04EC0-301F-11D3-BF4B-00C04F79EFBC}") = "抽象工厂模式", "抽象工厂模式\抽象工厂模式.csproj", "{4EE8E52D-F52D-4359-8982-7B5B5CDC8277}"
EndProject
Project("{2150E333-8FDC-42A3-9474-1A3956D46DE8}") = "创建型模式", "创建型模式", "{12858B2F-3D92-4A14-983F-3FB6E548283A}"
EndProject
Project("{2150E333-8FDC-42A3-9474-1A3956D46DE8}") = "结构型模式", "结构型模式", "{60ECA043-9E35-4D56-8284-9290E4EF6E38}"
EndProject
Project("{2150E333-8FDC-42A3-9474-1A3956D46DE8}") = "行为型模式", "行为型模式", "{715B0195-09D1-43E6-AD4C-8AB9304F7496}"
EndProject
Project("{FAE04EC0-301F-11D3-BF4B-00C04F79EFBC}") = "单例模式", "单例模式\单例模式.csproj", "{62CE8FBE-6392-48DB-ABFC-560F0D1DA6FA}"
EndProject
Project("{FAE04EC0-301F-11D3-BF4B-00C04F79EFBC}") = "建造者模式", "建造者模式\建造者模式.csproj", "{B7FF34BA-5C1D-4792-91B0-F352B6E4A73D}"
EndProject
Project("{FAE04EC0-301F-11D3-BF4B-00C04F79EFBC}") = "原型模式", "原型模式\原型模式.csproj", "{F1692C41-4B46-4F9A-B74D-976077F61BA0}"
EndProject
Project("{FAE04EC0-301F-11D3-BF4B-00C04F79EFBC}") = "适配器模式", "适配器模式\适配器模式.csproj", "{05C6DEDB-7409-49B5-B4C5-E767E95E069C}"
EndProject
Project("{FAE04EC0-301F-11D3-BF4B-00C04F79EFBC}") = "桥接模式", "桥接模式\桥接模式.csproj", "{6AF02426-4B58-4BA6-B8D9-DB3F94A6D2DF}"
EndProject
Project("{FAE04EC0-301F-11D3-BF4B-00C04F79EFBC}") = "过滤器模式", "过滤器模式\过滤器模式.csproj", "{48499E86-DF3D-43F9-831F-083E09AE8835}"
EndProject
Project("{FAE04EC0-301F-11D3-BF4B-00C04F79EFBC}") = "组合模式", "组合模式\组合模式.csproj", "{97FB46F8-9CE2-47B2-9715-D13AF75A1236}"
EndProject
Project("{FAE04EC0-301F-11D3-BF4B-00C04F79EFBC}") = "装饰器模式", "装饰器模式\装饰器模式.csproj", "{8C78C09E-EED6-4624-A68B-FCFDDD8C33AE}"
EndProject
Project("{FAE04EC0-301F-11D3-BF4B-00C04F79EFBC}") = "外观模式", "外观模式\外观模式.csproj", "{DA129C7F-37B9-47BF-B63A-786EDB4E6B74}"
EndProject
Project("{FAE04EC0-301F-11D3-BF4B-00C04F79EFBC}") = "享元模式", "享元模式\享元模式.csproj", "{FA801B94-FE90-43A6-BBF5-37D8BC3A0575}"
EndProject
Project("{FAE04EC0-301F-11D3-BF4B-00C04F79EFBC}") = "代理模式", "代理模式\代理模式.csproj", "{EB5EB5D3-6746-4034-A618-882078A622F4}"
EndProject
Project("{2150E333-8FDC-42A3-9474-1A3956D46DE8}") = "其它模式", "其它模式", "{24B58F49-AF0E-499D-97EF-D3022F41FB8A}"
EndProject
Project("{FAE04EC0-301F-11D3-BF4B-00C04F79EFBC}") = "MVC模式", "MVC模式\MVC模式.csproj", "{C2E720D7-1F73-4A46-B022-78A907D54553}"
EndProject
Project("{2150E333-8FDC-42A3-9474-1A3956D46DE8}") = "CS三层架构", "CS三层架构", "{CC85AD41-F0F2-4F53-9506-2AD18446EB09}"
EndProject
Project("{FAE04EC0-301F-11D3-BF4B-00C04F79EFBC}") = "Model", "Model\Model.csproj", "{51C536E3-A4EB-42C8-A882-9FAD99E7A23C}"
EndProject
Project("{FAE04EC0-301F-11D3-BF4B-00C04F79EFBC}") = "DAL", "DAL\DAL.csproj", "{29BFDBE9-1273-4CEE-8E0B-C542C2518E48}"
EndProject
Project("{FAE04EC0-301F-11D3-BF4B-00C04F79EFBC}") = "BLL", "BLL\BLL.csproj", "{C844F9C9-8AE8-483D-ABD1-955D4905332A}"
EndProject
Project("{FAE04EC0-301F-11D3-BF4B-00C04F79EFBC}") = "UI", "UI\UI.csproj", "{76E9DA35-5266-4459-922E-2C031392DF77}"
EndProject
Project("{FAE04EC0-301F-11D3-BF4B-00C04F79EFBC}") = "责任链模式", "责任链模式\责任链模式.csproj", "{EC7787DC-B33E-4EED-8AD5-0439D82011F4}"
EndProject
Project("{FAE04EC0-301F-11D3-BF4B-00C04F79EFBC}") = "命令模式", "命令模式\命令模式.csproj", "{F988748F-D014-436F-82D1-1BFC26F72A1B}"
EndProject
Project("{FAE04EC0-301F-11D3-BF4B-00C04F79EFBC}") = "解释器模式", "解释器模式\解释器模式.csproj", "{A9F995C5-1F86-4AA7-886D-899F44CD2A21}"
EndProject
Project("{FAE04EC0-301F-11D3-BF4B-00C04F79EFBC}") = "迭代器模式", "迭代器模式\迭代器模式.csproj", "{CF6B4731-7846-4C4D-B260-017FEA0B330D}"
EndProject
Project("{FAE04EC0-301F-11D3-BF4B-00C04F79EFBC}") = "中介者模式", "中介者模式\中介者模式.csproj", "{EF4D8C27-98E3-4914-B474-3A87BA2E03F8}"
EndProject
Project("{FAE04EC0-301F-11D3-BF4B-00C04F79EFBC}") = "备忘录模式", "备忘录模式\备忘录模式.csproj", "{7200ADFE-5E20-493C-9516-E9FEA9BD6A5F}"
EndProject
Project("{FAE04EC0-301F-11D3-BF4B-00C04F79EFBC}") = "观察者模式", "观察者模式\观察者模式.csproj", "{8F18DBE6-F5F3-490C-8275-418941656208}"
EndProject
Project("{FAE04EC0-301F-11D3-BF4B-00C04F79EFBC}") = "状态模式", "状态模式\状态模式.csproj", "{F49159DB-88CD-472F-9E48-7F989559AAE9}"
EndProject
Project("{FAE04EC0-301F-11D3-BF4B-00C04F79EFBC}") = "空对象模式", "空对象模式\空对象模式.csproj", "{B2211A84-2606-44A9-9D50-333A0C750A4B}"
EndProject
Project("{FAE04EC0-301F-11D3-BF4B-00C04F79EFBC}") = "策略模式", "策略模式\策略模式.csproj", "{67FCD422-5D3E-4145-A916-73E6FF4E8E8C}"
EndProject
Project("{FAE04EC0-301F-11D3-BF4B-00C04F79EFBC}") = "模板模式", "模板模式\模板模式.csproj", "{B4917792-9A71-4C1C-96FF-C7CE494C6700}"
EndProject
Project("{FAE04EC0-301F-11D3-BF4B-00C04F79EFBC}") = "访问者模式", "访问者模式\访问者模式.csproj", "{AB35E2B5-3E72-42DF-8C19-F6439EF0D846}"
EndProject
Global
	GlobalSection(SolutionConfigurationPlatforms) = preSolution
		Debug|Any CPU = Debug|Any CPU
		Release|Any CPU = Release|Any CPU
	EndGlobalSection
	GlobalSection(ProjectConfigurationPlatforms) = postSolution
		{32460FF5-8CD2-4C28-86D4-513F9711A96F}.Debug|Any CPU.ActiveCfg = Debug|Any CPU
		{32460FF5-8CD2-4C28-86D4-513F9711A96F}.Debug|Any CPU.Build.0 = Debug|Any CPU
		{32460FF5-8CD2-4C28-86D4-513F9711A96F}.Release|Any CPU.ActiveCfg = Release|Any CPU
		{32460FF5-8CD2-4C28-86D4-513F9711A96F}.Release|Any CPU.Build.0 = Release|Any CPU
		{4EE8E52D-F52D-4359-8982-7B5B5CDC8277}.Debug|Any CPU.ActiveCfg = Debug|Any CPU
		{4EE8E52D-F52D-4359-8982-7B5B5CDC8277}.Debug|Any CPU.Build.0 = Debug|Any CPU
		{4EE8E52D-F52D-4359-8982-7B5B5CDC8277}.Release|Any CPU.ActiveCfg = Release|Any CPU
		{4EE8E52D-F52D-4359-8982-7B5B5CDC8277}.Release|Any CPU.Build.0 = Release|Any CPU
		{62CE8FBE-6392-48DB-ABFC-560F0D1DA6FA}.Debug|Any CPU.ActiveCfg = Debug|Any CPU
		{62CE8FBE-6392-48DB-ABFC-560F0D1DA6FA}.Debug|Any CPU.Build.0 = Debug|Any CPU
		{62CE8FBE-6392-48DB-ABFC-560F0D1DA6FA}.Release|Any CPU.ActiveCfg = Release|Any CPU
		{62CE8FBE-6392-48DB-ABFC-560F0D1DA6FA}.Release|Any CPU.Build.0 = Release|Any CPU
		{B7FF34BA-5C1D-4792-91B0-F352B6E4A73D}.Debug|Any CPU.ActiveCfg = Debug|Any CPU
		{B7FF34BA-5C1D-4792-91B0-F352B6E4A73D}.Debug|Any CPU.Build.0 = Debug|Any CPU
		{B7FF34BA-5C1D-4792-91B0-F352B6E4A73D}.Release|Any CPU.ActiveCfg = Release|Any CPU
		{B7FF34BA-5C1D-4792-91B0-F352B6E4A73D}.Release|Any CPU.Build.0 = Release|Any CPU
		{F1692C41-4B46-4F9A-B74D-976077F61BA0}.Debug|Any CPU.ActiveCfg = Debug|Any CPU
		{F1692C41-4B46-4F9A-B74D-976077F61BA0}.Debug|Any CPU.Build.0 = Debug|Any CPU
		{F1692C41-4B46-4F9A-B74D-976077F61BA0}.Release|Any CPU.ActiveCfg = Release|Any CPU
		{F1692C41-4B46-4F9A-B74D-976077F61BA0}.Release|Any CPU.Build.0 = Release|Any CPU
		{05C6DEDB-7409-49B5-B4C5-E767E95E069C}.Debug|Any CPU.ActiveCfg = Debug|Any CPU
		{05C6DEDB-7409-49B5-B4C5-E767E95E069C}.Debug|Any CPU.Build.0 = Debug|Any CPU
		{05C6DEDB-7409-49B5-B4C5-E767E95E069C}.Release|Any CPU.ActiveCfg = Release|Any CPU
		{05C6DEDB-7409-49B5-B4C5-E767E95E069C}.Release|Any CPU.Build.0 = Release|Any CPU
		{6AF02426-4B58-4BA6-B8D9-DB3F94A6D2DF}.Debug|Any CPU.ActiveCfg = Debug|Any CPU
		{6AF02426-4B58-4BA6-B8D9-DB3F94A6D2DF}.Debug|Any CPU.Build.0 = Debug|Any CPU
		{6AF02426-4B58-4BA6-B8D9-DB3F94A6D2DF}.Release|Any CPU.ActiveCfg = Release|Any CPU
		{6AF02426-4B58-4BA6-B8D9-DB3F94A6D2DF}.Release|Any CPU.Build.0 = Release|Any CPU
		{48499E86-DF3D-43F9-831F-083E09AE8835}.Debug|Any CPU.ActiveCfg = Debug|Any CPU
		{48499E86-DF3D-43F9-831F-083E09AE8835}.Debug|Any CPU.Build.0 = Debug|Any CPU
		{48499E86-DF3D-43F9-831F-083E09AE8835}.Release|Any CPU.ActiveCfg = Release|Any CPU
		{48499E86-DF3D-43F9-831F-083E09AE8835}.Release|Any CPU.Build.0 = Release|Any CPU
		{97FB46F8-9CE2-47B2-9715-D13AF75A1236}.Debug|Any CPU.ActiveCfg = Debug|Any CPU
		{97FB46F8-9CE2-47B2-9715-D13AF75A1236}.Debug|Any CPU.Build.0 = Debug|Any CPU
		{97FB46F8-9CE2-47B2-9715-D13AF75A1236}.Release|Any CPU.ActiveCfg = Release|Any CPU
		{97FB46F8-9CE2-47B2-9715-D13AF75A1236}.Release|Any CPU.Build.0 = Release|Any CPU
		{8C78C09E-EED6-4624-A68B-FCFDDD8C33AE}.Debug|Any CPU.ActiveCfg = Debug|Any CPU
		{8C78C09E-EED6-4624-A68B-FCFDDD8C33AE}.Debug|Any CPU.Build.0 = Debug|Any CPU
		{8C78C09E-EED6-4624-A68B-FCFDDD8C33AE}.Release|Any CPU.ActiveCfg = Release|Any CPU
		{8C78C09E-EED6-4624-A68B-FCFDDD8C33AE}.Release|Any CPU.Build.0 = Release|Any CPU
		{DA129C7F-37B9-47BF-B63A-786EDB4E6B74}.Debug|Any CPU.ActiveCfg = Debug|Any CPU
		{DA129C7F-37B9-47BF-B63A-786EDB4E6B74}.Debug|Any CPU.Build.0 = Debug|Any CPU
		{DA129C7F-37B9-47BF-B63A-786EDB4E6B74}.Release|Any CPU.ActiveCfg = Release|Any CPU
		{DA129C7F-37B9-47BF-B63A-786EDB4E6B74}.Release|Any CPU.Build.0 = Release|Any CPU
		{FA801B94-FE90-43A6-BBF5-37D8BC3A0575}.Debug|Any CPU.ActiveCfg = Debug|Any CPU
		{FA801B94-FE90-43A6-BBF5-37D8BC3A0575}.Debug|Any CPU.Build.0 = Debug|Any CPU
		{FA801B94-FE90-43A6-BBF5-37D8BC3A0575}.Release|Any CPU.ActiveCfg = Release|Any CPU
		{FA801B94-FE90-43A6-BBF5-37D8BC3A0575}.Release|Any CPU.Build.0 = Release|Any CPU
		{EB5EB5D3-6746-4034-A618-882078A622F4}.Debug|Any CPU.ActiveCfg = Debug|Any CPU
		{EB5EB5D3-6746-4034-A618-882078A622F4}.Debug|Any CPU.Build.0 = Debug|Any CPU
		{EB5EB5D3-6746-4034-A618-882078A622F4}.Release|Any CPU.ActiveCfg = Release|Any CPU
		{EB5EB5D3-6746-4034-A618-882078A622F4}.Release|Any CPU.Build.0 = Release|Any CPU
		{C2E720D7-1F73-4A46-B022-78A907D54553}.Debug|Any CPU.ActiveCfg = Debug|Any CPU
		{C2E720D7-1F73-4A46-B022-78A907D54553}.Debug|Any CPU.Build.0 = Debug|Any CPU
		{C2E720D7-1F73-4A46-B022-78A907D54553}.Release|Any CPU.ActiveCfg = Release|Any CPU
		{C2E720D7-1F73-4A46-B022-78A907D54553}.Release|Any CPU.Build.0 = Release|Any CPU
		{51C536E3-A4EB-42C8-A882-9FAD99E7A23C}.Debug|Any CPU.ActiveCfg = Debug|Any CPU
		{51C536E3-A4EB-42C8-A882-9FAD99E7A23C}.Debug|Any CPU.Build.0 = Debug|Any CPU
		{51C536E3-A4EB-42C8-A882-9FAD99E7A23C}.Release|Any CPU.ActiveCfg = Release|Any CPU
		{51C536E3-A4EB-42C8-A882-9FAD99E7A23C}.Release|Any CPU.Build.0 = Release|Any CPU
		{29BFDBE9-1273-4CEE-8E0B-C542C2518E48}.Debug|Any CPU.ActiveCfg = Debug|Any CPU
		{29BFDBE9-1273-4CEE-8E0B-C542C2518E48}.Debug|Any CPU.Build.0 = Debug|Any CPU
		{29BFDBE9-1273-4CEE-8E0B-C542C2518E48}.Release|Any CPU.ActiveCfg = Release|Any CPU
		{29BFDBE9-1273-4CEE-8E0B-C542C2518E48}.Release|Any CPU.Build.0 = Release|Any CPU
		{C844F9C9-8AE8-483D-ABD1-955D4905332A}.Debug|Any CPU.ActiveCfg = Debug|Any CPU
		{C844F9C9-8AE8-483D-ABD1-955D4905332A}.Debug|Any CPU.Build.0 = Debug|Any CPU
		{C844F9C9-8AE8-483D-ABD1-955D4905332A}.Release|Any CPU.ActiveCfg = Release|Any CPU
		{C844F9C9-8AE8-483D-ABD1-955D4905332A}.Release|Any CPU.Build.0 = Release|Any CPU
		{76E9DA35-5266-4459-922E-2C031392DF77}.Debug|Any CPU.ActiveCfg = Debug|Any CPU
		{76E9DA35-5266-4459-922E-2C031392DF77}.Debug|Any CPU.Build.0 = Debug|Any CPU
		{76E9DA35-5266-4459-922E-2C031392DF77}.Release|Any CPU.ActiveCfg = Release|Any CPU
		{76E9DA35-5266-4459-922E-2C031392DF77}.Release|Any CPU.Build.0 = Release|Any CPU
		{EC7787DC-B33E-4EED-8AD5-0439D82011F4}.Debug|Any CPU.ActiveCfg = Debug|Any CPU
		{EC7787DC-B33E-4EED-8AD5-0439D82011F4}.Debug|Any CPU.Build.0 = Debug|Any CPU
		{EC7787DC-B33E-4EED-8AD5-0439D82011F4}.Release|Any CPU.ActiveCfg = Release|Any CPU
		{EC7787DC-B33E-4EED-8AD5-0439D82011F4}.Release|Any CPU.Build.0 = Release|Any CPU
		{F988748F-D014-436F-82D1-1BFC26F72A1B}.Debug|Any CPU.ActiveCfg = Debug|Any CPU
		{F988748F-D014-436F-82D1-1BFC26F72A1B}.Debug|Any CPU.Build.0 = Debug|Any CPU
		{F988748F-D014-436F-82D1-1BFC26F72A1B}.Release|Any CPU.ActiveCfg = Release|Any CPU
		{F988748F-D014-436F-82D1-1BFC26F72A1B}.Release|Any CPU.Build.0 = Release|Any CPU
		{A9F995C5-1F86-4AA7-886D-899F44CD2A21}.Debug|Any CPU.ActiveCfg = Debug|Any CPU
		{A9F995C5-1F86-4AA7-886D-899F44CD2A21}.Debug|Any CPU.Build.0 = Debug|Any CPU
		{A9F995C5-1F86-4AA7-886D-899F44CD2A21}.Release|Any CPU.ActiveCfg = Release|Any CPU
		{A9F995C5-1F86-4AA7-886D-899F44CD2A21}.Release|Any CPU.Build.0 = Release|Any CPU
		{CF6B4731-7846-4C4D-B260-017FEA0B330D}.Debug|Any CPU.ActiveCfg = Debug|Any CPU
		{CF6B4731-7846-4C4D-B260-017FEA0B330D}.Debug|Any CPU.Build.0 = Debug|Any CPU
		{CF6B4731-7846-4C4D-B260-017FEA0B330D}.Release|Any CPU.ActiveCfg = Release|Any CPU
		{CF6B4731-7846-4C4D-B260-017FEA0B330D}.Release|Any CPU.Build.0 = Release|Any CPU
		{EF4D8C27-98E3-4914-B474-3A87BA2E03F8}.Debug|Any CPU.ActiveCfg = Debug|Any CPU
		{EF4D8C27-98E3-4914-B474-3A87BA2E03F8}.Debug|Any CPU.Build.0 = Debug|Any CPU
		{EF4D8C27-98E3-4914-B474-3A87BA2E03F8}.Release|Any CPU.ActiveCfg = Release|Any CPU
		{EF4D8C27-98E3-4914-B474-3A87BA2E03F8}.Release|Any CPU.Build.0 = Release|Any CPU
		{7200ADFE-5E20-493C-9516-E9FEA9BD6A5F}.Debug|Any CPU.ActiveCfg = Debug|Any CPU
		{7200ADFE-5E20-493C-9516-E9FEA9BD6A5F}.Debug|Any CPU.Build.0 = Debug|Any CPU
		{7200ADFE-5E20-493C-9516-E9FEA9BD6A5F}.Release|Any CPU.ActiveCfg = Release|Any CPU
		{7200ADFE-5E20-493C-9516-E9FEA9BD6A5F}.Release|Any CPU.Build.0 = Release|Any CPU
		{8F18DBE6-F5F3-490C-8275-418941656208}.Debug|Any CPU.ActiveCfg = Debug|Any CPU
		{8F18DBE6-F5F3-490C-8275-418941656208}.Debug|Any CPU.Build.0 = Debug|Any CPU
		{8F18DBE6-F5F3-490C-8275-418941656208}.Release|Any CPU.ActiveCfg = Release|Any CPU
		{8F18DBE6-F5F3-490C-8275-418941656208}.Release|Any CPU.Build.0 = Release|Any CPU
		{F49159DB-88CD-472F-9E48-7F989559AAE9}.Debug|Any CPU.ActiveCfg = Debug|Any CPU
		{F49159DB-88CD-472F-9E48-7F989559AAE9}.Debug|Any CPU.Build.0 = Debug|Any CPU
		{F49159DB-88CD-472F-9E48-7F989559AAE9}.Release|Any CPU.ActiveCfg = Release|Any CPU
		{F49159DB-88CD-472F-9E48-7F989559AAE9}.Release|Any CPU.Build.0 = Release|Any CPU
		{B2211A84-2606-44A9-9D50-333A0C750A4B}.Debug|Any CPU.ActiveCfg = Debug|Any CPU
		{B2211A84-2606-44A9-9D50-333A0C750A4B}.Debug|Any CPU.Build.0 = Debug|Any CPU
		{B2211A84-2606-44A9-9D50-333A0C750A4B}.Release|Any CPU.ActiveCfg = Release|Any CPU
		{B2211A84-2606-44A9-9D50-333A0C750A4B}.Release|Any CPU.Build.0 = Release|Any CPU
		{67FCD422-5D3E-4145-A916-73E6FF4E8E8C}.Debug|Any CPU.ActiveCfg = Debug|Any CPU
		{67FCD422-5D3E-4145-A916-73E6FF4E8E8C}.Debug|Any CPU.Build.0 = Debug|Any CPU
		{67FCD422-5D3E-4145-A916-73E6FF4E8E8C}.Release|Any CPU.ActiveCfg = Release|Any CPU
		{67FCD422-5D3E-4145-A916-73E6FF4E8E8C}.Release|Any CPU.Build.0 = Release|Any CPU
		{B4917792-9A71-4C1C-96FF-C7CE494C6700}.Debug|Any CPU.ActiveCfg = Debug|Any CPU
		{B4917792-9A71-4C1C-96FF-C7CE494C6700}.Debug|Any CPU.Build.0 = Debug|Any CPU
		{B4917792-9A71-4C1C-96FF-C7CE494C6700}.Release|Any CPU.ActiveCfg = Release|Any CPU
		{B4917792-9A71-4C1C-96FF-C7CE494C6700}.Release|Any CPU.Build.0 = Release|Any CPU
		{AB35E2B5-3E72-42DF-8C19-F6439EF0D846}.Debug|Any CPU.ActiveCfg = Debug|Any CPU
		{AB35E2B5-3E72-42DF-8C19-F6439EF0D846}.Debug|Any CPU.Build.0 = Debug|Any CPU
		{AB35E2B5-3E72-42DF-8C19-F6439EF0D846}.Release|Any CPU.ActiveCfg = Release|Any CPU
		{AB35E2B5-3E72-42DF-8C19-F6439EF0D846}.Release|Any CPU.Build.0 = Release|Any CPU
	EndGlobalSection
	GlobalSection(SolutionProperties) = preSolution
		HideSolutionNode = FALSE
	EndGlobalSection
	GlobalSection(NestedProjects) = preSolution
		{32460FF5-8CD2-4C28-86D4-513F9711A96F} = {12858B2F-3D92-4A14-983F-3FB6E548283A}
		{4EE8E52D-F52D-4359-8982-7B5B5CDC8277} = {12858B2F-3D92-4A14-983F-3FB6E548283A}
		{62CE8FBE-6392-48DB-ABFC-560F0D1DA6FA} = {12858B2F-3D92-4A14-983F-3FB6E548283A}
		{B7FF34BA-5C1D-4792-91B0-F352B6E4A73D} = {12858B2F-3D92-4A14-983F-3FB6E548283A}
		{F1692C41-4B46-4F9A-B74D-976077F61BA0} = {12858B2F-3D92-4A14-983F-3FB6E548283A}
		{05C6DEDB-7409-49B5-B4C5-E767E95E069C} = {60ECA043-9E35-4D56-8284-9290E4EF6E38}
		{6AF02426-4B58-4BA6-B8D9-DB3F94A6D2DF} = {60ECA043-9E35-4D56-8284-9290E4EF6E38}
		{48499E86-DF3D-43F9-831F-083E09AE8835} = {60ECA043-9E35-4D56-8284-9290E4EF6E38}
		{97FB46F8-9CE2-47B2-9715-D13AF75A1236} = {60ECA043-9E35-4D56-8284-9290E4EF6E38}
		{8C78C09E-EED6-4624-A68B-FCFDDD8C33AE} = {60ECA043-9E35-4D56-8284-9290E4EF6E38}
		{DA129C7F-37B9-47BF-B63A-786EDB4E6B74} = {60ECA043-9E35-4D56-8284-9290E4EF6E38}
		{FA801B94-FE90-43A6-BBF5-37D8BC3A0575} = {60ECA043-9E35-4D56-8284-9290E4EF6E38}
		{EB5EB5D3-6746-4034-A618-882078A622F4} = {60ECA043-9E35-4D56-8284-9290E4EF6E38}
		{C2E720D7-1F73-4A46-B022-78A907D54553} = {24B58F49-AF0E-499D-97EF-D3022F41FB8A}
		{CC85AD41-F0F2-4F53-9506-2AD18446EB09} = {24B58F49-AF0E-499D-97EF-D3022F41FB8A}
		{51C536E3-A4EB-42C8-A882-9FAD99E7A23C} = {CC85AD41-F0F2-4F53-9506-2AD18446EB09}
		{29BFDBE9-1273-4CEE-8E0B-C542C2518E48} = {CC85AD41-F0F2-4F53-9506-2AD18446EB09}
		{C844F9C9-8AE8-483D-ABD1-955D4905332A} = {CC85AD41-F0F2-4F53-9506-2AD18446EB09}
		{76E9DA35-5266-4459-922E-2C031392DF77} = {CC85AD41-F0F2-4F53-9506-2AD18446EB09}
		{EC7787DC-B33E-4EED-8AD5-0439D82011F4} = {715B0195-09D1-43E6-AD4C-8AB9304F7496}
		{F988748F-D014-436F-82D1-1BFC26F72A1B} = {715B0195-09D1-43E6-AD4C-8AB9304F7496}
		{A9F995C5-1F86-4AA7-886D-899F44CD2A21} = {715B0195-09D1-43E6-AD4C-8AB9304F7496}
		{CF6B4731-7846-4C4D-B260-017FEA0B330D} = {715B0195-09D1-43E6-AD4C-8AB9304F7496}
		{EF4D8C27-98E3-4914-B474-3A87BA2E03F8} = {715B0195-09D1-43E6-AD4C-8AB9304F7496}
		{7200ADFE-5E20-493C-9516-E9FEA9BD6A5F} = {715B0195-09D1-43E6-AD4C-8AB9304F7496}
		{8F18DBE6-F5F3-490C-8275-418941656208} = {715B0195-09D1-43E6-AD4C-8AB9304F7496}
		{F49159DB-88CD-472F-9E48-7F989559AAE9} = {715B0195-09D1-43E6-AD4C-8AB9304F7496}
		{B2211A84-2606-44A9-9D50-333A0C750A4B} = {715B0195-09D1-43E6-AD4C-8AB9304F7496}
		{67FCD422-5D3E-4145-A916-73E6FF4E8E8C} = {715B0195-09D1-43E6-AD4C-8AB9304F7496}
		{B4917792-9A71-4C1C-96FF-C7CE494C6700} = {715B0195-09D1-43E6-AD4C-8AB9304F7496}
		{AB35E2B5-3E72-42DF-8C19-F6439EF0D846} = {715B0195-09D1-43E6-AD4C-8AB9304F7496}
	EndGlobalSection
	GlobalSection(ExtensibilityGlobals) = postSolution
		SolutionGuid = {3072E49E-0DB3-4726-B474-702E42B87F69}
	EndGlobalSection
EndGlobal
